
Microsoft Visual Studio Solution File, Format Version 12.00
# Visual Studio 2013
VisualStudioVersion = 12.0.31101.0
MinimumVisualStudioVersion = 10.0.40219.1
Project("{FAE04EC0-301F-11D3-BF4B-00C04F79EFBC}") = "ProcMagnet", "ProcMagnet\ProcMagnet.csproj", "{A6CA7504-21CF-490C-BA63-02DD205026B6}"
EndProject
Project("{2150E333-8FDC-42A3-9474-1A3956D46DE8}") = "Solution Items", "Solution Items", "{BA27F092-2EB7-4DDF-9C6C-8E815CD7E6E5}"
	ProjectSection(SolutionItems) = preProject
		IntegrationTests.testsettings = IntegrationTests.testsettings
		UnitTests.testsettings = UnitTests.testsettings
	EndProjectSection
EndProject
Global
	GlobalSection(SolutionConfigurationPlatforms) = preSolution
		Debug|Any CPU = Debug|Any CPU
		Release|Any CPU = Release|Any CPU
	EndGlobalSection
	GlobalSection(ProjectConfigurationPlatforms) = postSolution
		{A6CA7504-21CF-490C-BA63-02DD205026B6}.Debug|Any CPU.ActiveCfg = Debug|Any CPU
		{A6CA7504-21CF-490C-BA63-02DD205026B6}.Debug|Any CPU.Build.0 = Debug|Any CPU
		{A6CA7504-21CF-490C-BA63-02DD205026B6}.Release|Any CPU.ActiveCfg = Release|Any CPU
		{A6CA7504-21CF-490C-BA63-02DD205026B6}.Release|Any CPU.Build.0 = Release|Any CPU
	EndGlobalSection
	GlobalSection(SolutionProperties) = preSolution
		HideSolutionNode = FALSE
	EndGlobalSection
EndGlobal
